
Microsoft Visual Studio Solution File, Format Version 12.00
# Visual Studio 15
VisualStudioVersion = 15.0.28307.572
MinimumVisualStudioVersion = 10.0.40219.1
Project("{FAE04EC0-301F-11D3-BF4B-00C04F79EFBC}") = "FamiStudio.Linux", "FamiStudio\FamiStudio.Linux.csproj", "{E1E67A3F-2AF6-4FB0-B847-C91E4269A8D6}"
EndProject
Global
	GlobalSection(SolutionConfigurationPlatforms) = preSolution
		Debug|Any CPU = Debug|Any CPU
		Debug|x64 = Debug|x64
		Debug|x86 = Debug|x86
		Release|Any CPU = Release|Any CPU
		Release|x64 = Release|x64
		Release|x86 = Release|x86
	EndGlobalSection
	GlobalSection(ProjectConfigurationPlatforms) = postSolution
		{E1E67A3F-2AF6-4FB0-B847-C91E4269A8D6}.Debug|Any CPU.ActiveCfg = Debug|Any CPU
		{E1E67A3F-2AF6-4FB0-B847-C91E4269A8D6}.Debug|Any CPU.Build.0 = Debug|Any CPU
		{E1E67A3F-2AF6-4FB0-B847-C91E4269A8D6}.Debug|x64.ActiveCfg = Debug|Any CPU
		{E1E67A3F-2AF6-4FB0-B847-C91E4269A8D6}.Debug|x64.Build.0 = Debug|Any CPU
		{E1E67A3F-2AF6-4FB0-B847-C91E4269A8D6}.Debug|x86.ActiveCfg = Debug|Any CPU
		{E1E67A3F-2AF6-4FB0-B847-C91E4269A8D6}.Debug|x86.Build.0 = Debug|Any CPU
		{E1E67A3F-2AF6-4FB0-B847-C91E4269A8D6}.Release|Any CPU.ActiveCfg = Release|Any CPU
		{E1E67A3F-2AF6-4FB0-B847-C91E4269A8D6}.Release|Any CPU.Build.0 = Release|Any CPU
		{E1E67A3F-2AF6-4FB0-B847-C91E4269A8D6}.Release|x64.ActiveCfg = Release|Any CPU
		{E1E67A3F-2AF6-4FB0-B847-C91E4269A8D6}.Release|x64.Build.0 = Release|Any CPU
		{E1E67A3F-2AF6-4FB0-B847-C91E4269A8D6}.Release|x86.ActiveCfg = Release|Any CPU
		{E1E67A3F-2AF6-4FB0-B847-C91E4269A8D6}.Release|x86.Build.0 = Release|Any CPU
	EndGlobalSection
	GlobalSection(SolutionProperties) = preSolution
		HideSolutionNode = FALSE
	EndGlobalSection
	GlobalSection(ExtensibilityGlobals) = postSolution
		SolutionGuid = {A6B36398-6794-4F46-8290-AA99537E3CF9}
	EndGlobalSection
EndGlobal
