
Microsoft Visual Studio Solution File, Format Version 12.00
# Visual Studio 15
VisualStudioVersion = 15.0.28307.572
MinimumVisualStudioVersion = 10.0.40219.1
Project("{FAE04EC0-301F-11D3-BF4B-00C04F79EFBC}") = "FamiStudio", "FamiStudio\FamiStudio.Mac.csproj", "{4B8E2B43-BF97-49B5-B554-4821123F7181}"
EndProject
Global
	GlobalSection(SolutionConfigurationPlatforms) = preSolution
		Debug|Any CPU = Debug|Any CPU
		Debug|x64 = Debug|x64
		Debug|x86 = Debug|x86
		Release|Any CPU = Release|Any CPU
		Release|x64 = Release|x64
		Release|x86 = Release|x86
	EndGlobalSection
	GlobalSection(ProjectConfigurationPlatforms) = postSolution
		{4B8E2B43-BF97-49B5-B554-4821123F7181}.Debug|Any CPU.ActiveCfg = Debug|Any CPU
		{4B8E2B43-BF97-49B5-B554-4821123F7181}.Debug|Any CPU.Build.0 = Debug|Any CPU
		{4B8E2B43-BF97-49B5-B554-4821123F7181}.Debug|x64.ActiveCfg = Debug|Any CPU
		{4B8E2B43-BF97-49B5-B554-4821123F7181}.Debug|x64.Build.0 = Debug|Any CPU
		{4B8E2B43-BF97-49B5-B554-4821123F7181}.Debug|x86.ActiveCfg = Debug|Any CPU
		{4B8E2B43-BF97-49B5-B554-4821123F7181}.Debug|x86.Build.0 = Debug|Any CPU
		{4B8E2B43-BF97-49B5-B554-4821123F7181}.Release|Any CPU.ActiveCfg = Release|Any CPU
		{4B8E2B43-BF97-49B5-B554-4821123F7181}.Release|Any CPU.Build.0 = Release|Any CPU
		{4B8E2B43-BF97-49B5-B554-4821123F7181}.Release|x64.ActiveCfg = Release|Any CPU
		{4B8E2B43-BF97-49B5-B554-4821123F7181}.Release|x64.Build.0 = Release|Any CPU
		{4B8E2B43-BF97-49B5-B554-4821123F7181}.Release|x86.ActiveCfg = Release|Any CPU
		{4B8E2B43-BF97-49B5-B554-4821123F7181}.Release|x86.Build.0 = Release|Any CPU
		{73FE63B6-BCB4-4A20-BF03-D49E722FA3C4}.Debug|Any CPU.ActiveCfg = Debug
		{73FE63B6-BCB4-4A20-BF03-D49E722FA3C4}.Debug|x64.ActiveCfg = Debug
		{73FE63B6-BCB4-4A20-BF03-D49E722FA3C4}.Debug|x86.ActiveCfg = Debug
		{73FE63B6-BCB4-4A20-BF03-D49E722FA3C4}.Release|Any CPU.ActiveCfg = Release
		{73FE63B6-BCB4-4A20-BF03-D49E722FA3C4}.Release|x64.ActiveCfg = Release
		{73FE63B6-BCB4-4A20-BF03-D49E722FA3C4}.Release|x86.ActiveCfg = Release
		{CE0D60E2-1356-4531-825F-A159850FB9D5}.Debug|Any CPU.ActiveCfg = Debug|Win32
		{CE0D60E2-1356-4531-825F-A159850FB9D5}.Debug|x64.ActiveCfg = Debug|x64
		{CE0D60E2-1356-4531-825F-A159850FB9D5}.Debug|x86.ActiveCfg = Debug|Win32
		{CE0D60E2-1356-4531-825F-A159850FB9D5}.Release|Any CPU.ActiveCfg = Release|Win32
		{CE0D60E2-1356-4531-825F-A159850FB9D5}.Release|x64.ActiveCfg = Release|x64
		{CE0D60E2-1356-4531-825F-A159850FB9D5}.Release|x86.ActiveCfg = Release|Win32
	EndGlobalSection
	GlobalSection(SolutionProperties) = preSolution
		HideSolutionNode = FALSE
	EndGlobalSection
	GlobalSection(ExtensibilityGlobals) = postSolution
		SolutionGuid = {A6B36398-6794-4F46-8290-AA99537E3CF9}
	EndGlobalSection
EndGlobal
